
Microsoft Visual Studio Solution File, Format Version 12.00
# Visual Studio Version 17
VisualStudioVersion = 17.6.33815.320
MinimumVisualStudioVersion = 10.0.40219.1
Project("{FAE04EC0-301F-11D3-BF4B-00C04F79EFBC}") = "Wpf_Pendu_Quentin_Vernaison", "Wpf_Pendu_Quentin_Vernaison\Wpf_Pendu_Quentin_Vernaison.csproj", "{FDE8F829-B7EA-4CF1-B120-E38C009FA66E}"
EndProject
Global
	GlobalSection(SolutionConfigurationPlatforms) = preSolution
		Debug|Any CPU = Debug|Any CPU
		Release|Any CPU = Release|Any CPU
	EndGlobalSection
	GlobalSection(ProjectConfigurationPlatforms) = postSolution
		{FDE8F829-B7EA-4CF1-B120-E38C009FA66E}.Debug|Any CPU.ActiveCfg = Debug|Any CPU
		{FDE8F829-B7EA-4CF1-B120-E38C009FA66E}.Debug|Any CPU.Build.0 = Debug|Any CPU
		{FDE8F829-B7EA-4CF1-B120-E38C009FA66E}.Release|Any CPU.ActiveCfg = Release|Any CPU
		{FDE8F829-B7EA-4CF1-B120-E38C009FA66E}.Release|Any CPU.Build.0 = Release|Any CPU
	EndGlobalSection
	GlobalSection(SolutionProperties) = preSolution
		HideSolutionNode = FALSE
	EndGlobalSection
	GlobalSection(ExtensibilityGlobals) = postSolution
		SolutionGuid = {5337881F-E6B0-4674-83CC-A4070CB0C278}
	EndGlobalSection
EndGlobal
